
Microsoft Visual Studio Solution File, Format Version 12.00
# Visual Studio 2013
Project("{FAE04EC0-301F-11D3-BF4B-00C04F79EFBC}") = "UnityVS.Back-to-Earth.CSharp", "UnityVS.Back-to-Earth.CSharp.csproj", "{BA310120-44A0-42C0-C3A3-D0CCC643EA1B}"
EndProject
Global
	GlobalSection(SolutionConfigurationPlatforms) = preSolution
		Debug|Any CPU = Debug|Any CPU
		Release|Any CPU = Release|Any CPU
	EndGlobalSection
	GlobalSection(ProjectConfigurationPlatforms) = postSolution
		{BA310120-44A0-42C0-C3A3-D0CCC643EA1B}.Debug|Any CPU.ActiveCfg = Debug|Any CPU
		{BA310120-44A0-42C0-C3A3-D0CCC643EA1B}.Debug|Any CPU.Build.0 = Debug|Any CPU
		{BA310120-44A0-42C0-C3A3-D0CCC643EA1B}.Release|Any CPU.ActiveCfg = Release|Any CPU
		{BA310120-44A0-42C0-C3A3-D0CCC643EA1B}.Release|Any CPU.Build.0 = Release|Any CPU
	EndGlobalSection
	GlobalSection(SolutionProperties) = preSolution
		HideSolutionNode = FALSE
	EndGlobalSection
EndGlobal
